{
  "version": 4,
  "terraform_version": "1.3.5",
  "serial": 2,
  "lineage": "abb5aad7-e0ed-8282-8f84-e0e7d4654fc8",
  "outputs": {
    "pet_name": {
      "value": "illegally-blatantly-optionally-cute-baboon",
      "type": "string"
    }
  },
  "resources": [
    {
      "mode": "managed",
      "type": "random_pet",
      "name": "pet_name",
      "provider": "provider[\"registry.terraform.io/hashicorp/random\"]",
      "instances": [
        {
          "schema_version": 0,
          "attributes": {
            "id": "illegally-blatantly-optionally-cute-baboon",
            "keepers": null,
            "length": 5,
            "prefix": null,
            "separator": "-"
          },
          "sensitive_attributes": [],
          "private": "bnVsbA=="
        }
      ]
    }
  ],
  "check_results": null
}
